
Microsoft Visual Studio Solution File, Format Version 12.00
Project("{F2A71F9B-5D33-465A-A702-920D77279786}") = "Zombies19", "Zombies19.fsproj", "{35C3D4A8-18E2-45C7-B19C-EB45B6206109}"
EndProject
Global
	GlobalSection(SolutionConfigurationPlatforms) = preSolution
		Debug|Any CPU = Debug|Any CPU
		Release|Any CPU = Release|Any CPU
	EndGlobalSection
	GlobalSection(ProjectConfigurationPlatforms) = postSolution
		{35C3D4A8-18E2-45C7-B19C-EB45B6206109}.Debug|Any CPU.ActiveCfg = Debug|Any CPU
		{35C3D4A8-18E2-45C7-B19C-EB45B6206109}.Debug|Any CPU.Build.0 = Debug|Any CPU
		{35C3D4A8-18E2-45C7-B19C-EB45B6206109}.Release|Any CPU.ActiveCfg = Release|Any CPU
		{35C3D4A8-18E2-45C7-B19C-EB45B6206109}.Release|Any CPU.Build.0 = Release|Any CPU
	EndGlobalSection
EndGlobal
